
Microsoft Visual Studio Solution File, Format Version 12.00
# Visual Studio 14
VisualStudioVersion = 14.0.25420.1
MinimumVisualStudioVersion = 10.0.40219.1
Project("{FAE04EC0-301F-11D3-BF4B-00C04F79EFBC}") = "teht01", "teht01\teht01.csproj", "{6E623D00-5B48-4C3D-A8D6-DE3774763681}"
EndProject
Project("{FAE04EC0-301F-11D3-BF4B-00C04F79EFBC}") = "teht01b", "teht01b\teht01b.csproj", "{373AA98A-8205-4751-BCFE-42DFD674670E}"
EndProject
Project("{FAE04EC0-301F-11D3-BF4B-00C04F79EFBC}") = "teht02", "teht02\teht02.csproj", "{EBDEB392-FB41-4FAD-9B00-A6DD82BD1478}"
EndProject
Project("{FAE04EC0-301F-11D3-BF4B-00C04F79EFBC}") = "teht03", "teht3\teht03.csproj", "{26747B4F-793A-4A3A-87BC-C38DEE588844}"
EndProject
Project("{FAE04EC0-301F-11D3-BF4B-00C04F79EFBC}") = "teht04", "teht4\teht04.csproj", "{AA450F09-82EA-4D01-AD8F-B8309D3425AF}"
EndProject
Project("{FAE04EC0-301F-11D3-BF4B-00C04F79EFBC}") = "teht05", "teht05\teht05.csproj", "{BB56F18A-BC96-4D44-BD7B-8414B4D86131}"
EndProject
Project("{FAE04EC0-301F-11D3-BF4B-00C04F79EFBC}") = "teht06", "teht06\teht06.csproj", "{79B0026D-E7B2-4AF9-83FD-BE2F64466CDC}"
EndProject
Project("{FAE04EC0-301F-11D3-BF4B-00C04F79EFBC}") = "teht07", "teht07\teht07.csproj", "{10735E3C-0840-4FCA-9CC4-EFA254CD1FE0}"
EndProject
Project("{FAE04EC0-301F-11D3-BF4B-00C04F79EFBC}") = "teht08", "teht08\teht08.csproj", "{BCAB1151-550E-481F-A18D-8A31CEEC93A0}"
EndProject
Project("{FAE04EC0-301F-11D3-BF4B-00C04F79EFBC}") = "teht09", "teht09\teht09.csproj", "{0511BA34-234A-41CB-BDD6-2BE692E21274}"
EndProject
Project("{FAE04EC0-301F-11D3-BF4B-00C04F79EFBC}") = "teht10", "teht10\teht10.csproj", "{9950486C-23CD-4BC4-A7B7-880637120492}"
EndProject
Project("{FAE04EC0-301F-11D3-BF4B-00C04F79EFBC}") = "teht11", "teht11\teht11.csproj", "{36523389-78AD-4C0E-A98E-8F00B833A4D3}"
EndProject
Project("{FAE04EC0-301F-11D3-BF4B-00C04F79EFBC}") = "teht12", "teht12\teht12.csproj", "{DC557CB1-D535-4470-9C11-86DCC03372C2}"
EndProject
Project("{FAE04EC0-301F-11D3-BF4B-00C04F79EFBC}") = "teht13", "teht13\teht13.csproj", "{0E3C65F4-10A6-4078-BC64-C01A7F095A7E}"
EndProject
Project("{FAE04EC0-301F-11D3-BF4B-00C04F79EFBC}") = "teht14", "teht14\teht14.csproj", "{F35E94B7-F601-4256-9A2B-B07F142BDDCD}"
EndProject
Project("{FAE04EC0-301F-11D3-BF4B-00C04F79EFBC}") = "teht16", "teht16\teht16.csproj", "{635F66CF-2553-40B7-9A3F-EA3C0781D186}"
EndProject
Global
	GlobalSection(SolutionConfigurationPlatforms) = preSolution
		Debug|Any CPU = Debug|Any CPU
		Debug|x64 = Debug|x64
		Debug|x86 = Debug|x86
		Release|Any CPU = Release|Any CPU
		Release|x64 = Release|x64
		Release|x86 = Release|x86
	EndGlobalSection
	GlobalSection(ProjectConfigurationPlatforms) = postSolution
		{6E623D00-5B48-4C3D-A8D6-DE3774763681}.Debug|Any CPU.ActiveCfg = Debug|Any CPU
		{6E623D00-5B48-4C3D-A8D6-DE3774763681}.Debug|Any CPU.Build.0 = Debug|Any CPU
		{6E623D00-5B48-4C3D-A8D6-DE3774763681}.Debug|x64.ActiveCfg = Debug|Any CPU
		{6E623D00-5B48-4C3D-A8D6-DE3774763681}.Debug|x64.Build.0 = Debug|Any CPU
		{6E623D00-5B48-4C3D-A8D6-DE3774763681}.Debug|x86.ActiveCfg = Debug|Any CPU
		{6E623D00-5B48-4C3D-A8D6-DE3774763681}.Debug|x86.Build.0 = Debug|Any CPU
		{6E623D00-5B48-4C3D-A8D6-DE3774763681}.Release|Any CPU.ActiveCfg = Release|Any CPU
		{6E623D00-5B48-4C3D-A8D6-DE3774763681}.Release|Any CPU.Build.0 = Release|Any CPU
		{6E623D00-5B48-4C3D-A8D6-DE3774763681}.Release|x64.ActiveCfg = Release|Any CPU
		{6E623D00-5B48-4C3D-A8D6-DE3774763681}.Release|x64.Build.0 = Release|Any CPU
		{6E623D00-5B48-4C3D-A8D6-DE3774763681}.Release|x86.ActiveCfg = Release|Any CPU
		{6E623D00-5B48-4C3D-A8D6-DE3774763681}.Release|x86.Build.0 = Release|Any CPU
		{373AA98A-8205-4751-BCFE-42DFD674670E}.Debug|Any CPU.ActiveCfg = Debug|Any CPU
		{373AA98A-8205-4751-BCFE-42DFD674670E}.Debug|Any CPU.Build.0 = Debug|Any CPU
		{373AA98A-8205-4751-BCFE-42DFD674670E}.Debug|x64.ActiveCfg = Debug|Any CPU
		{373AA98A-8205-4751-BCFE-42DFD674670E}.Debug|x64.Build.0 = Debug|Any CPU
		{373AA98A-8205-4751-BCFE-42DFD674670E}.Debug|x86.ActiveCfg = Debug|Any CPU
		{373AA98A-8205-4751-BCFE-42DFD674670E}.Debug|x86.Build.0 = Debug|Any CPU
		{373AA98A-8205-4751-BCFE-42DFD674670E}.Release|Any CPU.ActiveCfg = Release|Any CPU
		{373AA98A-8205-4751-BCFE-42DFD674670E}.Release|Any CPU.Build.0 = Release|Any CPU
		{373AA98A-8205-4751-BCFE-42DFD674670E}.Release|x64.ActiveCfg = Release|Any CPU
		{373AA98A-8205-4751-BCFE-42DFD674670E}.Release|x64.Build.0 = Release|Any CPU
		{373AA98A-8205-4751-BCFE-42DFD674670E}.Release|x86.ActiveCfg = Release|Any CPU
		{373AA98A-8205-4751-BCFE-42DFD674670E}.Release|x86.Build.0 = Release|Any CPU
		{EBDEB392-FB41-4FAD-9B00-A6DD82BD1478}.Debug|Any CPU.ActiveCfg = Debug|Any CPU
		{EBDEB392-FB41-4FAD-9B00-A6DD82BD1478}.Debug|Any CPU.Build.0 = Debug|Any CPU
		{EBDEB392-FB41-4FAD-9B00-A6DD82BD1478}.Debug|x64.ActiveCfg = Debug|Any CPU
		{EBDEB392-FB41-4FAD-9B00-A6DD82BD1478}.Debug|x64.Build.0 = Debug|Any CPU
		{EBDEB392-FB41-4FAD-9B00-A6DD82BD1478}.Debug|x86.ActiveCfg = Debug|Any CPU
		{EBDEB392-FB41-4FAD-9B00-A6DD82BD1478}.Debug|x86.Build.0 = Debug|Any CPU
		{EBDEB392-FB41-4FAD-9B00-A6DD82BD1478}.Release|Any CPU.ActiveCfg = Release|Any CPU
		{EBDEB392-FB41-4FAD-9B00-A6DD82BD1478}.Release|Any CPU.Build.0 = Release|Any CPU
		{EBDEB392-FB41-4FAD-9B00-A6DD82BD1478}.Release|x64.ActiveCfg = Release|Any CPU
		{EBDEB392-FB41-4FAD-9B00-A6DD82BD1478}.Release|x64.Build.0 = Release|Any CPU
		{EBDEB392-FB41-4FAD-9B00-A6DD82BD1478}.Release|x86.ActiveCfg = Release|Any CPU
		{EBDEB392-FB41-4FAD-9B00-A6DD82BD1478}.Release|x86.Build.0 = Release|Any CPU
		{26747B4F-793A-4A3A-87BC-C38DEE588844}.Debug|Any CPU.ActiveCfg = Debug|Any CPU
		{26747B4F-793A-4A3A-87BC-C38DEE588844}.Debug|Any CPU.Build.0 = Debug|Any CPU
		{26747B4F-793A-4A3A-87BC-C38DEE588844}.Debug|x64.ActiveCfg = Debug|Any CPU
		{26747B4F-793A-4A3A-87BC-C38DEE588844}.Debug|x64.Build.0 = Debug|Any CPU
		{26747B4F-793A-4A3A-87BC-C38DEE588844}.Debug|x86.ActiveCfg = Debug|Any CPU
		{26747B4F-793A-4A3A-87BC-C38DEE588844}.Debug|x86.Build.0 = Debug|Any CPU
		{26747B4F-793A-4A3A-87BC-C38DEE588844}.Release|Any CPU.ActiveCfg = Release|Any CPU
		{26747B4F-793A-4A3A-87BC-C38DEE588844}.Release|Any CPU.Build.0 = Release|Any CPU
		{26747B4F-793A-4A3A-87BC-C38DEE588844}.Release|x64.ActiveCfg = Release|Any CPU
		{26747B4F-793A-4A3A-87BC-C38DEE588844}.Release|x64.Build.0 = Release|Any CPU
		{26747B4F-793A-4A3A-87BC-C38DEE588844}.Release|x86.ActiveCfg = Release|Any CPU
		{26747B4F-793A-4A3A-87BC-C38DEE588844}.Release|x86.Build.0 = Release|Any CPU
		{AA450F09-82EA-4D01-AD8F-B8309D3425AF}.Debug|Any CPU.ActiveCfg = Debug|Any CPU
		{AA450F09-82EA-4D01-AD8F-B8309D3425AF}.Debug|Any CPU.Build.0 = Debug|Any CPU
		{AA450F09-82EA-4D01-AD8F-B8309D3425AF}.Debug|x64.ActiveCfg = Debug|Any CPU
		{AA450F09-82EA-4D01-AD8F-B8309D3425AF}.Debug|x64.Build.0 = Debug|Any CPU
		{AA450F09-82EA-4D01-AD8F-B8309D3425AF}.Debug|x86.ActiveCfg = Debug|Any CPU
		{AA450F09-82EA-4D01-AD8F-B8309D3425AF}.Debug|x86.Build.0 = Debug|Any CPU
		{AA450F09-82EA-4D01-AD8F-B8309D3425AF}.Release|Any CPU.ActiveCfg = Release|Any CPU
		{AA450F09-82EA-4D01-AD8F-B8309D3425AF}.Release|Any CPU.Build.0 = Release|Any CPU
		{AA450F09-82EA-4D01-AD8F-B8309D3425AF}.Release|x64.ActiveCfg = Release|Any CPU
		{AA450F09-82EA-4D01-AD8F-B8309D3425AF}.Release|x64.Build.0 = Release|Any CPU
		{AA450F09-82EA-4D01-AD8F-B8309D3425AF}.Release|x86.ActiveCfg = Release|Any CPU
		{AA450F09-82EA-4D01-AD8F-B8309D3425AF}.Release|x86.Build.0 = Release|Any CPU
		{BB56F18A-BC96-4D44-BD7B-8414B4D86131}.Debug|Any CPU.ActiveCfg = Debug|Any CPU
		{BB56F18A-BC96-4D44-BD7B-8414B4D86131}.Debug|Any CPU.Build.0 = Debug|Any CPU
		{BB56F18A-BC96-4D44-BD7B-8414B4D86131}.Debug|x64.ActiveCfg = Debug|Any CPU
		{BB56F18A-BC96-4D44-BD7B-8414B4D86131}.Debug|x64.Build.0 = Debug|Any CPU
		{BB56F18A-BC96-4D44-BD7B-8414B4D86131}.Debug|x86.ActiveCfg = Debug|Any CPU
		{BB56F18A-BC96-4D44-BD7B-8414B4D86131}.Debug|x86.Build.0 = Debug|Any CPU
		{BB56F18A-BC96-4D44-BD7B-8414B4D86131}.Release|Any CPU.ActiveCfg = Release|Any CPU
		{BB56F18A-BC96-4D44-BD7B-8414B4D86131}.Release|Any CPU.Build.0 = Release|Any CPU
		{BB56F18A-BC96-4D44-BD7B-8414B4D86131}.Release|x64.ActiveCfg = Release|Any CPU
		{BB56F18A-BC96-4D44-BD7B-8414B4D86131}.Release|x64.Build.0 = Release|Any CPU
		{BB56F18A-BC96-4D44-BD7B-8414B4D86131}.Release|x86.ActiveCfg = Release|Any CPU
		{BB56F18A-BC96-4D44-BD7B-8414B4D86131}.Release|x86.Build.0 = Release|Any CPU
		{79B0026D-E7B2-4AF9-83FD-BE2F64466CDC}.Debug|Any CPU.ActiveCfg = Debug|Any CPU
		{79B0026D-E7B2-4AF9-83FD-BE2F64466CDC}.Debug|Any CPU.Build.0 = Debug|Any CPU
		{79B0026D-E7B2-4AF9-83FD-BE2F64466CDC}.Debug|x64.ActiveCfg = Debug|Any CPU
		{79B0026D-E7B2-4AF9-83FD-BE2F64466CDC}.Debug|x64.Build.0 = Debug|Any CPU
		{79B0026D-E7B2-4AF9-83FD-BE2F64466CDC}.Debug|x86.ActiveCfg = Debug|Any CPU
		{79B0026D-E7B2-4AF9-83FD-BE2F64466CDC}.Debug|x86.Build.0 = Debug|Any CPU
		{79B0026D-E7B2-4AF9-83FD-BE2F64466CDC}.Release|Any CPU.ActiveCfg = Release|Any CPU
		{79B0026D-E7B2-4AF9-83FD-BE2F64466CDC}.Release|Any CPU.Build.0 = Release|Any CPU
		{79B0026D-E7B2-4AF9-83FD-BE2F64466CDC}.Release|x64.ActiveCfg = Release|Any CPU
		{79B0026D-E7B2-4AF9-83FD-BE2F64466CDC}.Release|x64.Build.0 = Release|Any CPU
		{79B0026D-E7B2-4AF9-83FD-BE2F64466CDC}.Release|x86.ActiveCfg = Release|Any CPU
		{79B0026D-E7B2-4AF9-83FD-BE2F64466CDC}.Release|x86.Build.0 = Release|Any CPU
		{10735E3C-0840-4FCA-9CC4-EFA254CD1FE0}.Debug|Any CPU.ActiveCfg = Debug|Any CPU
		{10735E3C-0840-4FCA-9CC4-EFA254CD1FE0}.Debug|Any CPU.Build.0 = Debug|Any CPU
		{10735E3C-0840-4FCA-9CC4-EFA254CD1FE0}.Debug|x64.ActiveCfg = Debug|Any CPU
		{10735E3C-0840-4FCA-9CC4-EFA254CD1FE0}.Debug|x64.Build.0 = Debug|Any CPU
		{10735E3C-0840-4FCA-9CC4-EFA254CD1FE0}.Debug|x86.ActiveCfg = Debug|Any CPU
		{10735E3C-0840-4FCA-9CC4-EFA254CD1FE0}.Debug|x86.Build.0 = Debug|Any CPU
		{10735E3C-0840-4FCA-9CC4-EFA254CD1FE0}.Release|Any CPU.ActiveCfg = Release|Any CPU
		{10735E3C-0840-4FCA-9CC4-EFA254CD1FE0}.Release|Any CPU.Build.0 = Release|Any CPU
		{10735E3C-0840-4FCA-9CC4-EFA254CD1FE0}.Release|x64.ActiveCfg = Release|Any CPU
		{10735E3C-0840-4FCA-9CC4-EFA254CD1FE0}.Release|x64.Build.0 = Release|Any CPU
		{10735E3C-0840-4FCA-9CC4-EFA254CD1FE0}.Release|x86.ActiveCfg = Release|Any CPU
		{10735E3C-0840-4FCA-9CC4-EFA254CD1FE0}.Release|x86.Build.0 = Release|Any CPU
		{BCAB1151-550E-481F-A18D-8A31CEEC93A0}.Debug|Any CPU.ActiveCfg = Debug|Any CPU
		{BCAB1151-550E-481F-A18D-8A31CEEC93A0}.Debug|Any CPU.Build.0 = Debug|Any CPU
		{BCAB1151-550E-481F-A18D-8A31CEEC93A0}.Debug|x64.ActiveCfg = Debug|Any CPU
		{BCAB1151-550E-481F-A18D-8A31CEEC93A0}.Debug|x64.Build.0 = Debug|Any CPU
		{BCAB1151-550E-481F-A18D-8A31CEEC93A0}.Debug|x86.ActiveCfg = Debug|Any CPU
		{BCAB1151-550E-481F-A18D-8A31CEEC93A0}.Debug|x86.Build.0 = Debug|Any CPU
		{BCAB1151-550E-481F-A18D-8A31CEEC93A0}.Release|Any CPU.ActiveCfg = Release|Any CPU
		{BCAB1151-550E-481F-A18D-8A31CEEC93A0}.Release|Any CPU.Build.0 = Release|Any CPU
		{BCAB1151-550E-481F-A18D-8A31CEEC93A0}.Release|x64.ActiveCfg = Release|Any CPU
		{BCAB1151-550E-481F-A18D-8A31CEEC93A0}.Release|x64.Build.0 = Release|Any CPU
		{BCAB1151-550E-481F-A18D-8A31CEEC93A0}.Release|x86.ActiveCfg = Release|Any CPU
		{BCAB1151-550E-481F-A18D-8A31CEEC93A0}.Release|x86.Build.0 = Release|Any CPU
		{0511BA34-234A-41CB-BDD6-2BE692E21274}.Debug|Any CPU.ActiveCfg = Debug|Any CPU
		{0511BA34-234A-41CB-BDD6-2BE692E21274}.Debug|Any CPU.Build.0 = Debug|Any CPU
		{0511BA34-234A-41CB-BDD6-2BE692E21274}.Debug|x64.ActiveCfg = Debug|Any CPU
		{0511BA34-234A-41CB-BDD6-2BE692E21274}.Debug|x64.Build.0 = Debug|Any CPU
		{0511BA34-234A-41CB-BDD6-2BE692E21274}.Debug|x86.ActiveCfg = Debug|Any CPU
		{0511BA34-234A-41CB-BDD6-2BE692E21274}.Debug|x86.Build.0 = Debug|Any CPU
		{0511BA34-234A-41CB-BDD6-2BE692E21274}.Release|Any CPU.ActiveCfg = Release|Any CPU
		{0511BA34-234A-41CB-BDD6-2BE692E21274}.Release|Any CPU.Build.0 = Release|Any CPU
		{0511BA34-234A-41CB-BDD6-2BE692E21274}.Release|x64.ActiveCfg = Release|Any CPU
		{0511BA34-234A-41CB-BDD6-2BE692E21274}.Release|x64.Build.0 = Release|Any CPU
		{0511BA34-234A-41CB-BDD6-2BE692E21274}.Release|x86.ActiveCfg = Release|Any CPU
		{0511BA34-234A-41CB-BDD6-2BE692E21274}.Release|x86.Build.0 = Release|Any CPU
		{9950486C-23CD-4BC4-A7B7-880637120492}.Debug|Any CPU.ActiveCfg = Debug|Any CPU
		{9950486C-23CD-4BC4-A7B7-880637120492}.Debug|Any CPU.Build.0 = Debug|Any CPU
		{9950486C-23CD-4BC4-A7B7-880637120492}.Debug|x64.ActiveCfg = Debug|Any CPU
		{9950486C-23CD-4BC4-A7B7-880637120492}.Debug|x64.Build.0 = Debug|Any CPU
		{9950486C-23CD-4BC4-A7B7-880637120492}.Debug|x86.ActiveCfg = Debug|Any CPU
		{9950486C-23CD-4BC4-A7B7-880637120492}.Debug|x86.Build.0 = Debug|Any CPU
		{9950486C-23CD-4BC4-A7B7-880637120492}.Release|Any CPU.ActiveCfg = Release|Any CPU
		{9950486C-23CD-4BC4-A7B7-880637120492}.Release|Any CPU.Build.0 = Release|Any CPU
		{9950486C-23CD-4BC4-A7B7-880637120492}.Release|x64.ActiveCfg = Release|Any CPU
		{9950486C-23CD-4BC4-A7B7-880637120492}.Release|x64.Build.0 = Release|Any CPU
		{9950486C-23CD-4BC4-A7B7-880637120492}.Release|x86.ActiveCfg = Release|Any CPU
		{9950486C-23CD-4BC4-A7B7-880637120492}.Release|x86.Build.0 = Release|Any CPU
		{36523389-78AD-4C0E-A98E-8F00B833A4D3}.Debug|Any CPU.ActiveCfg = Debug|Any CPU
		{36523389-78AD-4C0E-A98E-8F00B833A4D3}.Debug|Any CPU.Build.0 = Debug|Any CPU
		{36523389-78AD-4C0E-A98E-8F00B833A4D3}.Debug|x64.ActiveCfg = Debug|Any CPU
		{36523389-78AD-4C0E-A98E-8F00B833A4D3}.Debug|x64.Build.0 = Debug|Any CPU
		{36523389-78AD-4C0E-A98E-8F00B833A4D3}.Debug|x86.ActiveCfg = Debug|Any CPU
		{36523389-78AD-4C0E-A98E-8F00B833A4D3}.Debug|x86.Build.0 = Debug|Any CPU
		{36523389-78AD-4C0E-A98E-8F00B833A4D3}.Release|Any CPU.ActiveCfg = Release|Any CPU
		{36523389-78AD-4C0E-A98E-8F00B833A4D3}.Release|Any CPU.Build.0 = Release|Any CPU
		{36523389-78AD-4C0E-A98E-8F00B833A4D3}.Release|x64.ActiveCfg = Release|Any CPU
		{36523389-78AD-4C0E-A98E-8F00B833A4D3}.Release|x64.Build.0 = Release|Any CPU
		{36523389-78AD-4C0E-A98E-8F00B833A4D3}.Release|x86.ActiveCfg = Release|Any CPU
		{36523389-78AD-4C0E-A98E-8F00B833A4D3}.Release|x86.Build.0 = Release|Any CPU
		{DC557CB1-D535-4470-9C11-86DCC03372C2}.Debug|Any CPU.ActiveCfg = Debug|Any CPU
		{DC557CB1-D535-4470-9C11-86DCC03372C2}.Debug|Any CPU.Build.0 = Debug|Any CPU
		{DC557CB1-D535-4470-9C11-86DCC03372C2}.Debug|x64.ActiveCfg = Debug|Any CPU
		{DC557CB1-D535-4470-9C11-86DCC03372C2}.Debug|x64.Build.0 = Debug|Any CPU
		{DC557CB1-D535-4470-9C11-86DCC03372C2}.Debug|x86.ActiveCfg = Debug|Any CPU
		{DC557CB1-D535-4470-9C11-86DCC03372C2}.Debug|x86.Build.0 = Debug|Any CPU
		{DC557CB1-D535-4470-9C11-86DCC03372C2}.Release|Any CPU.ActiveCfg = Release|Any CPU
		{DC557CB1-D535-4470-9C11-86DCC03372C2}.Release|Any CPU.Build.0 = Release|Any CPU
		{DC557CB1-D535-4470-9C11-86DCC03372C2}.Release|x64.ActiveCfg = Release|Any CPU
		{DC557CB1-D535-4470-9C11-86DCC03372C2}.Release|x64.Build.0 = Release|Any CPU
		{DC557CB1-D535-4470-9C11-86DCC03372C2}.Release|x86.ActiveCfg = Release|Any CPU
		{DC557CB1-D535-4470-9C11-86DCC03372C2}.Release|x86.Build.0 = Release|Any CPU
		{0E3C65F4-10A6-4078-BC64-C01A7F095A7E}.Debug|Any CPU.ActiveCfg = Debug|Any CPU
		{0E3C65F4-10A6-4078-BC64-C01A7F095A7E}.Debug|Any CPU.Build.0 = Debug|Any CPU
		{0E3C65F4-10A6-4078-BC64-C01A7F095A7E}.Debug|x64.ActiveCfg = Debug|Any CPU
		{0E3C65F4-10A6-4078-BC64-C01A7F095A7E}.Debug|x64.Build.0 = Debug|Any CPU
		{0E3C65F4-10A6-4078-BC64-C01A7F095A7E}.Debug|x86.ActiveCfg = Debug|Any CPU
		{0E3C65F4-10A6-4078-BC64-C01A7F095A7E}.Debug|x86.Build.0 = Debug|Any CPU
		{0E3C65F4-10A6-4078-BC64-C01A7F095A7E}.Release|Any CPU.ActiveCfg = Release|Any CPU
		{0E3C65F4-10A6-4078-BC64-C01A7F095A7E}.Release|Any CPU.Build.0 = Release|Any CPU
		{0E3C65F4-10A6-4078-BC64-C01A7F095A7E}.Release|x64.ActiveCfg = Release|Any CPU
		{0E3C65F4-10A6-4078-BC64-C01A7F095A7E}.Release|x64.Build.0 = Release|Any CPU
		{0E3C65F4-10A6-4078-BC64-C01A7F095A7E}.Release|x86.ActiveCfg = Release|Any CPU
		{0E3C65F4-10A6-4078-BC64-C01A7F095A7E}.Release|x86.Build.0 = Release|Any CPU
		{F35E94B7-F601-4256-9A2B-B07F142BDDCD}.Debug|Any CPU.ActiveCfg = Debug|Any CPU
		{F35E94B7-F601-4256-9A2B-B07F142BDDCD}.Debug|Any CPU.Build.0 = Debug|Any CPU
		{F35E94B7-F601-4256-9A2B-B07F142BDDCD}.Debug|x64.ActiveCfg = Debug|Any CPU
		{F35E94B7-F601-4256-9A2B-B07F142BDDCD}.Debug|x64.Build.0 = Debug|Any CPU
		{F35E94B7-F601-4256-9A2B-B07F142BDDCD}.Debug|x86.ActiveCfg = Debug|Any CPU
		{F35E94B7-F601-4256-9A2B-B07F142BDDCD}.Debug|x86.Build.0 = Debug|Any CPU
		{F35E94B7-F601-4256-9A2B-B07F142BDDCD}.Release|Any CPU.ActiveCfg = Release|Any CPU
		{F35E94B7-F601-4256-9A2B-B07F142BDDCD}.Release|Any CPU.Build.0 = Release|Any CPU
		{F35E94B7-F601-4256-9A2B-B07F142BDDCD}.Release|x64.ActiveCfg = Release|Any CPU
		{F35E94B7-F601-4256-9A2B-B07F142BDDCD}.Release|x64.Build.0 = Release|Any CPU
		{F35E94B7-F601-4256-9A2B-B07F142BDDCD}.Release|x86.ActiveCfg = Release|Any CPU
		{F35E94B7-F601-4256-9A2B-B07F142BDDCD}.Release|x86.Build.0 = Release|Any CPU
		{635F66CF-2553-40B7-9A3F-EA3C0781D186}.Debug|Any CPU.ActiveCfg = Debug|Any CPU
		{635F66CF-2553-40B7-9A3F-EA3C0781D186}.Debug|Any CPU.Build.0 = Debug|Any CPU
		{635F66CF-2553-40B7-9A3F-EA3C0781D186}.Debug|x64.ActiveCfg = Debug|Any CPU
		{635F66CF-2553-40B7-9A3F-EA3C0781D186}.Debug|x64.Build.0 = Debug|Any CPU
		{635F66CF-2553-40B7-9A3F-EA3C0781D186}.Debug|x86.ActiveCfg = Debug|Any CPU
		{635F66CF-2553-40B7-9A3F-EA3C0781D186}.Debug|x86.Build.0 = Debug|Any CPU
		{635F66CF-2553-40B7-9A3F-EA3C0781D186}.Release|Any CPU.ActiveCfg = Release|Any CPU
		{635F66CF-2553-40B7-9A3F-EA3C0781D186}.Release|Any CPU.Build.0 = Release|Any CPU
		{635F66CF-2553-40B7-9A3F-EA3C0781D186}.Release|x64.ActiveCfg = Release|Any CPU
		{635F66CF-2553-40B7-9A3F-EA3C0781D186}.Release|x64.Build.0 = Release|Any CPU
		{635F66CF-2553-40B7-9A3F-EA3C0781D186}.Release|x86.ActiveCfg = Release|Any CPU
		{635F66CF-2553-40B7-9A3F-EA3C0781D186}.Release|x86.Build.0 = Release|Any CPU
	EndGlobalSection
	GlobalSection(SolutionProperties) = preSolution
		HideSolutionNode = FALSE
	EndGlobalSection
EndGlobal
